{
    "_readme": [
        "This file locks the dependencies of your project to a known state",
        "Read more about it at https://getcomposer.org/doc/01-basic-usage.md#installing-dependencies",
        "This file is @generated automatically"
    ],
    "content-hash": "ca2016cfe58d515f3fc58e88424d8e47",
    "packages": [],
    "packages-dev": [
        {
            "name": "dcandotti/punit",
            "version": "dev-master",
            "source": {
                "type": "git",
                "url": "../punit",
                "reference": "c25844c1978cf4230c7d89f5f296af952eff0eb0"
            },
            "require": {
                "php": ">=7.3"
            },
            "default-branch": true,
            "bin": [
                "bin/punit"
            ],
            "type": "library",
            "autoload": {
                "psr-4": {
                    "punit\\": "src/"
                }
            },
            "license": [
                "MIT"
            ],
            "authors": [
                {
                    "name": "Darío Candotti",
                    "email": "dario@candotti.dev",
                    "homepage": "https://dario.candotti.dev",
                    "role": "Developer"
                }
            ],
            "description": "A puny PHP testing framework",
            "homepage": "https://github.com/dcandotti/punit",
            "keywords": [
                "phpunit",
                "punit",
                "tdd",
                "test",
                "testing",
                "xunit"
            ],
            "support": {
                "issues": "https://github.com/dcandotti/punit/issues"
            },
            "time": "2021-12-12T18:49:35+00:00"
        }
    ],
    "aliases": [],
    "minimum-stability": "stable",
    "stability-flags": {
        "dcandotti/punit": 20
    },
    "prefer-stable": false,
    "prefer-lowest": false,
    "platform": [],
    "platform-dev": [],
    "plugin-api-version": "2.0.0"
}
